// !$*UTF8*$!
{
	archiveVersion = 1;
	classes = {
	};
	objectVersion = 50;
	objects = {

/* Begin PBXBuildFile section */
		11F602BC245979940075CBF3 /* AppDelegate.swift in Sources */ = {isa = PBXBuildFile; fileRef = 11F602BB245979940075CBF3 /* AppDelegate.swift */; };
		11F602BE245979940075CBF3 /* SceneDelegate.swift in Sources */ = {isa = PBXBuildFile; fileRef = 11F602BD245979940075CBF3 /* SceneDelegate.swift */; };
		11F602C0245979940075CBF3 /* ViewController.swift in Sources */ = {isa = PBXBuildFile; fileRef = 11F602BF245979940075CBF3 /* ViewController.swift */; };
		11F602C3245979940075CBF3 /* Main.storyboard in Resources */ = {isa = PBXBuildFile; fileRef = 11F602C1245979940075CBF3 /* Main.storyboard */; };
		11F602C5245979960075CBF3 /* Assets.xcassets in Resources */ = {isa = PBXBuildFile; fileRef = 11F602C4245979960075CBF3 /* Assets.xcassets */; };
		11F602C8245979960075CBF3 /* LaunchScreen.storyboard in Resources */ = {isa = PBXBuildFile; fileRef = 11F602C6245979960075CBF3 /* LaunchScreen.storyboard */; };
		11F602D024597B4E0075CBF3 /* EmojiTableViewController.swift in Sources */ = {isa = PBXBuildFile; fileRef = 11F602CF24597B4E0075CBF3 /* EmojiTableViewController.swift */; };
		11F602D2245986910075CBF3 /* EmojiTableViewCell.swift in Sources */ = {isa = PBXBuildFile; fileRef = 11F602D1245986910075CBF3 /* EmojiTableViewCell.swift */; };
		11F602D424598CD90075CBF3 /* EmojiModel.swift in Sources */ = {isa = PBXBuildFile; fileRef = 11F602D324598CD90075CBF3 /* EmojiModel.swift */; };
		11F602D62459B9130075CBF3 /* NewEmojiTableViewController.swift in Sources */ = {isa = PBXBuildFile; fileRef = 11F602D52459B9130075CBF3 /* NewEmojiTableViewController.swift */; };
/* End PBXBuildFile section */

/* Begin PBXFileReference section */
		11F602B8245979940075CBF3 /* EmojiReader.app */ = {isa = PBXFileReference; explicitFileType = wrapper.application; includeInIndex = 0; path = EmojiReader.app; sourceTree = BUILT_PRODUCTS_DIR; };
		11F602BB245979940075CBF3 /* AppDelegate.swift */ = {isa = PBXFileReference; lastKnownFileType = sourcecode.swift; path = AppDelegate.swift; sourceTree = "<group>"; };
		11F602BD245979940075CBF3 /* SceneDelegate.swift */ = {isa = PBXFileReference; lastKnownFileType = sourcecode.swift; path = SceneDelegate.swift; sourceTree = "<group>"; };
		11F602BF245979940075CBF3 /* ViewController.swift */ = {isa = PBXFileReference; lastKnownFileType = sourcecode.swift; path = ViewController.swift; sourceTree = "<group>"; };
		11F602C2245979940075CBF3 /* Base */ = {isa = PBXFileReference; lastKnownFileType = file.storyboard; name = Base; path = Base.lproj/Main.storyboard; sourceTree = "<group>"; };
		11F602C4245979960075CBF3 /* Assets.xcassets */ = {isa = PBXFileReference; lastKnownFileType = folder.assetcatalog; path = Assets.xcassets; sourceTree = "<group>"; };
		11F602C7245979960075CBF3 /* Base */ = {isa = PBXFileReference; lastKnownFileType = file.storyboard; name = Base; path = Base.lproj/LaunchScreen.storyboard; sourceTree = "<group>"; };
		11F602C9245979960075CBF3 /* Info.plist */ = {isa = PBXFileReference; lastKnownFileType = text.plist.xml; path = Info.plist; sourceTree = "<group>"; };
		11F602CF24597B4E0075CBF3 /* EmojiTableViewController.swift */ = {isa = PBXFileReference; lastKnownFileType = sourcecode.swift; path = EmojiTableViewController.swift; sourceTree = "<group>"; };
		11F602D1245986910075CBF3 /* EmojiTableViewCell.swift */ = {isa = PBXFileReference; lastKnownFileType = sourcecode.swift; path = EmojiTableViewCell.swift; sourceTree = "<group>"; };
		11F602D324598CD90075CBF3 /* EmojiModel.swift */ = {isa = PBXFileReference; lastKnownFileType = sourcecode.swift; path = EmojiModel.swift; sourceTree = "<group>"; };
		11F602D52459B9130075CBF3 /* NewEmojiTableViewController.swift */ = {isa = PBXFileReference; lastKnownFileType = sourcecode.swift; path = NewEmojiTableViewController.swift; sourceTree = "<group>"; };
/* End PBXFileReference section */

/* Begin PBXFrameworksBuildPhase section */
		11F602B5245979940075CBF3 /* Frameworks */ = {
			isa = PBXFrameworksBuildPhase;
			buildActionMask = 2147483647;
			files = (
			);
			runOnlyForDeploymentPostprocessing = 0;
		};
/* End PBXFrameworksBuildPhase section */

/* Begin PBXGroup section */
		11F602AF245979940075CBF3 = {
			isa = PBXGroup;
			children = (
				11F602BA245979940075CBF3 /* EmojiReader */,
				11F602B9245979940075CBF3 /* Products */,
			);
			sourceTree = "<group>";
		};
		11F602B9245979940075CBF3 /* Products */ = {
			isa = PBXGroup;
			children = (
				11F602B8245979940075CBF3 /* EmojiReader.app */,
			);
			name = Products;
			sourceTree = "<group>";
		};
		11F602BA245979940075CBF3 /* EmojiReader */ = {
			isa = PBXGroup;
			children = (
				11F602C1245979940075CBF3 /* Main.storyboard */,
				11F602D324598CD90075CBF3 /* EmojiModel.swift */,
				11F602D1245986910075CBF3 /* EmojiTableViewCell.swift */,
				11F602CF24597B4E0075CBF3 /* EmojiTableViewController.swift */,
				11F602D52459B9130075CBF3 /* NewEmojiTableViewController.swift */,
				11F602BF245979940075CBF3 /* ViewController.swift */,
				11F602C4245979960075CBF3 /* Assets.xcassets */,
				11F602BB245979940075CBF3 /* AppDelegate.swift */,
				11F602BD245979940075CBF3 /* SceneDelegate.swift */,
				11F602C6245979960075CBF3 /* LaunchScreen.storyboard */,
				11F602C9245979960075CBF3 /* Info.plist */,
			);
			path = EmojiReader;
			sourceTree = "<group>";
		};
/* End PBXGroup section */

/* Begin PBXNativeTarget section */
		11F602B7245979940075CBF3 /* EmojiReader */ = {
			isa = PBXNativeTarget;
			buildConfigurationList = 11F602CC245979960075CBF3 /* Build configuration list for PBXNativeTarget "EmojiReader" */;
			buildPhases = (
				11F602B4245979940075CBF3 /* Sources */,
				11F602B5245979940075CBF3 /* Frameworks */,
				11F602B6245979940075CBF3 /* Resources */,
			);
			buildRules = (
			);
			dependencies = (
			);
			name = EmojiReader;
			productName = EmojiReader;
			productReference = 11F602B8245979940075CBF3 /* EmojiReader.app */;
			productType = "com.apple.product-type.application";
		};
/* End PBXNativeTarget section */

/* Begin PBXProject section */
		11F602B0245979940075CBF3 /* Project object */ = {
			isa = PBXProject;
			attributes = {
				LastSwiftUpdateCheck = 1140;
				LastUpgradeCheck = 1140;
				ORGANIZATIONNAME = "Funtik Inc.";
				TargetAttributes = {
					11F602B7245979940075CBF3 = {
						CreatedOnToolsVersion = 11.4;
					};
				};
			};
			buildConfigurationList = 11F602B3245979940075CBF3 /* Build configuration list for PBXProject "EmojiReader" */;
			compatibilityVersion = "Xcode 9.3";
			developmentRegion = en;
			hasScannedForEncodings = 0;
			knownRegions = (
				en,
				Base,
			);
			mainGroup = 11F602AF245979940075CBF3;
			productRefGroup = 11F602B9245979940075CBF3 /* Products */;
			projectDirPath = "";
			projectRoot = "";
			targets = (
				11F602B7245979940075CBF3 /* EmojiReader */,
			);
		};
/* End PBXProject section */

/* Begin PBXResourcesBuildPhase section */
		11F602B6245979940075CBF3 /* Resources */ = {
			isa = PBXResourcesBuildPhase;
			buildActionMask = 2147483647;
			files = (
				11F602C8245979960075CBF3 /* LaunchScreen.storyboard in Resources */,
				11F602C5245979960075CBF3 /* Assets.xcassets in Resources */,
				11F602C3245979940075CBF3 /* Main.storyboard in Resources */,
			);
			runOnlyForDeploymentPostprocessing = 0;
		};
/* End PBXResourcesBuildPhase section */

/* Begin PBXSourcesBuildPhase section */
		11F602B4245979940075CBF3 /* Sources */ = {
			isa = PBXSourcesBuildPhase;
			buildActionMask = 2147483647;
			files = (
				11F602D024597B4E0075CBF3 /* EmojiTableViewController.swift in Sources */,
				11F602C0245979940075CBF3 /* ViewController.swift in Sources */,
				11F602D424598CD90075CBF3 /* EmojiModel.swift in Sources */,
				11F602D2245986910075CBF3 /* EmojiTableViewCell.swift in Sources */,
				11F602D62459B9130075CBF3 /* NewEmojiTableViewController.swift in Sources */,
				11F602BC245979940075CBF3 /* AppDelegate.swift in Sources */,
				11F602BE245979940075CBF3 /* SceneDelegate.swift in Sources */,
			);
			runOnlyForDeploymentPostprocessing = 0;
		};
/* End PBXSourcesBuildPhase section */

/* Begin PBXVariantGroup section */
		11F602C1245979940075CBF3 /* Main.storyboard */ = {
			isa = PBXVariantGroup;
			children = (
				11F602C2245979940075CBF3 /* Base */,
			);
			name = Main.storyboard;
			sourceTree = "<group>";
		};
		11F602C6245979960075CBF3 /* LaunchScreen.storyboard */ = {
			isa = PBXVariantGroup;
			children = (
				11F602C7245979960075CBF3 /* Base */,
			);
			name = LaunchScreen.storyboard;
			sourceTree = "<group>";
		};
/* End PBXVariantGroup section */

/* Begin XCBuildConfiguration section */
		11F602CA245979960075CBF3 /* Debug */ = {
			isa = XCBuildConfiguration;
			buildSettings = {
				ALWAYS_SEARCH_USER_PATHS = NO;
				CLANG_ANALYZER_NONNULL = YES;
				CLANG_ANALYZER_NUMBER_OBJECT_CONVERSION = YES_AGGRESSIVE;
				CLANG_CXX_LANGUAGE_STANDARD = "gnu++14";
				CLANG_CXX_LIBRARY = "libc++";
				CLANG_ENABLE_MODULES = YES;
				CLANG_ENABLE_OBJC_ARC = YES;
				CLANG_ENABLE_OBJC_WEAK = YES;
				CLANG_WARN_BLOCK_CAPTURE_AUTORELEASING = YES;
				CLANG_WARN_BOOL_CONVERSION = YES;
				CLANG_WARN_COMMA = YES;
				CLANG_WARN_CONSTANT_CONVERSION = YES;
				CLANG_WARN_DEPRECATED_OBJC_IMPLEMENTATIONS = YES;
				CLANG_WARN_DIRECT_OBJC_ISA_USAGE = YES_ERROR;
				CLANG_WARN_DOCUMENTATION_COMMENTS = YES;
				CLANG_WARN_EMPTY_BODY = YES;
				CLANG_WARN_ENUM_CONVERSION = YES;
				CLANG_WARN_INFINITE_RECURSION = YES;
				CLANG_WARN_INT_CONVERSION = YES;
				CLANG_WARN_NON_LITERAL_NULL_CONVERSION = YES;
				CLANG_WARN_OBJC_IMPLICIT_RETAIN_SELF = YES;
				CLANG_WARN_OBJC_LITERAL_CONVERSION = YES;
				CLANG_WARN_OBJC_ROOT_CLASS = YES_ERROR;
				CLANG_WARN_RANGE_LOOP_ANALYSIS = YES;
				CLANG_WARN_STRICT_PROTOTYPES = YES;
				CLANG_WARN_SUSPICIOUS_MOVE = YES;
				CLANG_WARN_UNGUARDED_AVAILABILITY = YES_AGGRESSIVE;
				CLANG_WARN_UNREACHABLE_CODE = YES;
				CLANG_WARN__DUPLICATE_METHOD_MATCH = YES;
				COPY_PHASE_STRIP = NO;
				DEBUG_INFORMATION_FORMAT = dwarf;
				ENABLE_STRICT_OBJC_MSGSEND = YES;
				ENABLE_TESTABILITY = YES;
				GCC_C_LANGUAGE_STANDARD = gnu11;
				GCC_DYNAMIC_NO_PIC = NO;
				GCC_NO_COMMON_BLOCKS = YES;
				GCC_OPTIMIZATION_LEVEL = 0;
				GCC_PREPROCESSOR_DEFINITIONS = (
					"DEBUG=1",
					"$(inherited)",
				);
				GCC_WARN_64_TO_32_BIT_CONVERSION = YES;
				GCC_WARN_ABOUT_RETURN_TYPE = YES_ERROR;
				GCC_WARN_UNDECLARED_SELECTOR = YES;
				GCC_WARN_UNINITIALIZED_AUTOS = YES_AGGRESSIVE;
				GCC_WARN_UNUSED_FUNCTION = YES;
				GCC_WARN_UNUSED_VARIABLE = YES;
				IPHONEOS_DEPLOYMENT_TARGET = 13.4;
				MTL_ENABLE_DEBUG_INFO = INCLUDE_SOURCE;
				MTL_FAST_MATH = YES;
				ONLY_ACTIVE_ARCH = YES;
				SDKROOT = iphoneos;
				SWIFT_ACTIVE_COMPILATION_CONDITIONS = DEBUG;
				SWIFT_OPTIMIZATION_LEVEL = "-Onone";
			};
			name = Debug;
		};
		11F602CB245979960075CBF3 /* Release */ = {
			isa = XCBuildConfiguration;
			buildSettings = {
				ALWAYS_SEARCH_USER_PATHS = NO;
				CLANG_ANALYZER_NONNULL = YES;
				CLANG_ANALYZER_NUMBER_OBJECT_CONVERSION = YES_AGGRESSIVE;
				CLANG_CXX_LANGUAGE_STANDARD = "gnu++14";
				CLANG_CXX_LIBRARY = "libc++";
				CLANG_ENABLE_MODULES = YES;
				CLANG_ENABLE_OBJC_ARC = YES;
				CLANG_ENABLE_OBJC_WEAK = YES;
				CLANG_WARN_BLOCK_CAPTURE_AUTORELEASING = YES;
				CLANG_WARN_BOOL_CONVERSION = YES;
				CLANG_WARN_COMMA = YES;
				CLANG_WARN_CONSTANT_CONVERSION = YES;
				CLANG_WARN_DEPRECATED_OBJC_IMPLEMENTATIONS = YES;
				CLANG_WARN_DIRECT_OBJC_ISA_USAGE = YES_ERROR;
				CLANG_WARN_DOCUMENTATION_COMMENTS = YES;
				CLANG_WARN_EMPTY_BODY = YES;
				CLANG_WARN_ENUM_CONVERSION = YES;
				CLANG_WARN_INFINITE_RECURSION = YES;
				CLANG_WARN_INT_CONVERSION = YES;
				CLANG_WARN_NON_LITERAL_NULL_CONVERSION = YES;
				CLANG_WARN_OBJC_IMPLICIT_RETAIN_SELF = YES;
				CLANG_WARN_OBJC_LITERAL_CONVERSION = YES;
				CLANG_WARN_OBJC_ROOT_CLASS = YES_ERROR;
				CLANG_WARN_RANGE_LOOP_ANALYSIS = YES;
				CLANG_WARN_STRICT_PROTOTYPES = YES;
				CLANG_WARN_SUSPICIOUS_MOVE = YES;
				CLANG_WARN_UNGUARDED_AVAILABILITY = YES_AGGRESSIVE;
				CLANG_WARN_UNREACHABLE_CODE = YES;
				CLANG_WARN__DUPLICATE_METHOD_MATCH = YES;
				COPY_PHASE_STRIP = NO;
				DEBUG_INFORMATION_FORMAT = "dwarf-with-dsym";
				ENABLE_NS_ASSERTIONS = NO;
				ENABLE_STRICT_OBJC_MSGSEND = YES;
				GCC_C_LANGUAGE_STANDARD = gnu11;
				GCC_NO_COMMON_BLOCKS = YES;
				GCC_WARN_64_TO_32_BIT_CONVERSION = YES;
				GCC_WARN_ABOUT_RETURN_TYPE = YES_ERROR;
				GCC_WARN_UNDECLARED_SELECTOR = YES;
				GCC_WARN_UNINITIALIZED_AUTOS = YES_AGGRESSIVE;
				GCC_WARN_UNUSED_FUNCTION = YES;
				GCC_WARN_UNUSED_VARIABLE = YES;
				IPHONEOS_DEPLOYMENT_TARGET = 13.4;
				MTL_ENABLE_DEBUG_INFO = NO;
				MTL_FAST_MATH = YES;
				SDKROOT = iphoneos;
				SWIFT_COMPILATION_MODE = wholemodule;
				SWIFT_OPTIMIZATION_LEVEL = "-O";
				VALIDATE_PRODUCT = YES;
			};
			name = Release;
		};
		11F602CD245979960075CBF3 /* Debug */ = {
			isa = XCBuildConfiguration;
			buildSettings = {
				ASSETCATALOG_COMPILER_APPICON_NAME = AppIcon;
				CODE_SIGN_STYLE = Automatic;
				DEVELOPMENT_TEAM = UB936SP78M;
				INFOPLIST_FILE = EmojiReader/Info.plist;
				LD_RUNPATH_SEARCH_PATHS = (
					"$(inherited)",
					"@executable_path/Frameworks",
				);
				PRODUCT_BUNDLE_IDENTIFIER = com.FuntikInc.EmojiReader;
				PRODUCT_NAME = "$(TARGET_NAME)";
				SWIFT_VERSION = 5.0;
				TARGETED_DEVICE_FAMILY = "1,2";
			};
			name = Debug;
		};
		11F602CE245979960075CBF3 /* Release */ = {
			isa = XCBuildConfiguration;
			buildSettings = {
				ASSETCATALOG_COMPILER_APPICON_NAME = AppIcon;
				CODE_SIGN_STYLE = Automatic;
				DEVELOPMENT_TEAM = UB936SP78M;
				INFOPLIST_FILE = EmojiReader/Info.plist;
				LD_RUNPATH_SEARCH_PATHS = (
					"$(inherited)",
					"@executable_path/Frameworks",
				);
				PRODUCT_BUNDLE_IDENTIFIER = com.FuntikInc.EmojiReader;
				PRODUCT_NAME = "$(TARGET_NAME)";
				SWIFT_VERSION = 5.0;
				TARGETED_DEVICE_FAMILY = "1,2";
			};
			name = Release;
		};
/* End XCBuildConfiguration section */

/* Begin XCConfigurationList section */
		11F602B3245979940075CBF3 /* Build configuration list for PBXProject "EmojiReader" */ = {
			isa = XCConfigurationList;
			buildConfigurations = (
				11F602CA245979960075CBF3 /* Debug */,
				11F602CB245979960075CBF3 /* Release */,
			);
			defaultConfigurationIsVisible = 0;
			defaultConfigurationName = Release;
		};
		11F602CC245979960075CBF3 /* Build configuration list for PBXNativeTarget "EmojiReader" */ = {
			isa = XCConfigurationList;
			buildConfigurations = (
				11F602CD245979960075CBF3 /* Debug */,
				11F602CE245979960075CBF3 /* Release */,
			);
			defaultConfigurationIsVisible = 0;
			defaultConfigurationName = Release;
		};
/* End XCConfigurationList section */
	};
	rootObject = 11F602B0245979940075CBF3 /* Project object */;
}
